
Microsoft Visual Studio Solution File, Format Version 12.00
# Visual Studio Version 17
VisualStudioVersion = 17.3.32825.248
MinimumVisualStudioVersion = 10.0.40219.1
Project("{FAE04EC0-301F-11D3-BF4B-00C04F79EFBC}") = "MyMediaPlayer", "MyMediaPlayer.csproj", "{6676529E-C28B-40E9-AD9D-5FB60F85A173}"
EndProject
Project("{840C416C-B8F3-42BC-B0DD-F6BB14C9F8CB}") = "MyMediaPlayerInstaller", "MyMediaPlayerInstaller\MyMediaPlayerInstaller.aiproj", "{10A08DE7-E51D-4C57-835A-23B1FAE9BB78}"
EndProject
Global
	GlobalSection(SolutionConfigurationPlatforms) = preSolution
		All|Any CPU = All|Any CPU
		Debug|Any CPU = Debug|Any CPU
		Release|Any CPU = Release|Any CPU
	EndGlobalSection
	GlobalSection(ProjectConfigurationPlatforms) = postSolution
		{6676529E-C28B-40E9-AD9D-5FB60F85A173}.All|Any CPU.ActiveCfg = Release|Any CPU
		{6676529E-C28B-40E9-AD9D-5FB60F85A173}.All|Any CPU.Build.0 = Release|Any CPU
		{6676529E-C28B-40E9-AD9D-5FB60F85A173}.Debug|Any CPU.ActiveCfg = Debug|Any CPU
		{6676529E-C28B-40E9-AD9D-5FB60F85A173}.Debug|Any CPU.Build.0 = Debug|Any CPU
		{6676529E-C28B-40E9-AD9D-5FB60F85A173}.Release|Any CPU.ActiveCfg = Release|Any CPU
		{6676529E-C28B-40E9-AD9D-5FB60F85A173}.Release|Any CPU.Build.0 = Release|Any CPU
		{10A08DE7-E51D-4C57-835A-23B1FAE9BB78}.All|Any CPU.ActiveCfg = All
		{10A08DE7-E51D-4C57-835A-23B1FAE9BB78}.All|Any CPU.Build.0 = All
		{10A08DE7-E51D-4C57-835A-23B1FAE9BB78}.Debug|Any CPU.ActiveCfg = All
		{10A08DE7-E51D-4C57-835A-23B1FAE9BB78}.Debug|Any CPU.Build.0 = All
		{10A08DE7-E51D-4C57-835A-23B1FAE9BB78}.Release|Any CPU.ActiveCfg = All
		{10A08DE7-E51D-4C57-835A-23B1FAE9BB78}.Release|Any CPU.Build.0 = All
	EndGlobalSection
	GlobalSection(SolutionProperties) = preSolution
		HideSolutionNode = FALSE
	EndGlobalSection
	GlobalSection(ExtensibilityGlobals) = postSolution
		SolutionGuid = {19158325-D449-4324-AE47-C3BFC6E0E02D}
	EndGlobalSection
EndGlobal
